
Microsoft Visual Studio Solution File, Format Version 12.00
# Visual Studio Version 16
VisualStudioVersion = 16.0.30225.117
MinimumVisualStudioVersion = 10.0.40219.1
Project("{FAE04EC0-301F-11D3-BF4B-00C04F79EFBC}") = "Payroll.API", "Payroll.API\Payroll.API.csproj", "{A405121C-982A-4F7E-9014-88D7DDECB63C}"
EndProject
Global
	GlobalSection(SolutionConfigurationPlatforms) = preSolution
		Debug|Any CPU = Debug|Any CPU
		Release|Any CPU = Release|Any CPU
	EndGlobalSection
	GlobalSection(ProjectConfigurationPlatforms) = postSolution
		{A405121C-982A-4F7E-9014-88D7DDECB63C}.Debug|Any CPU.ActiveCfg = Debug|Any CPU
		{A405121C-982A-4F7E-9014-88D7DDECB63C}.Debug|Any CPU.Build.0 = Debug|Any CPU
		{A405121C-982A-4F7E-9014-88D7DDECB63C}.Release|Any CPU.ActiveCfg = Release|Any CPU
		{A405121C-982A-4F7E-9014-88D7DDECB63C}.Release|Any CPU.Build.0 = Release|Any CPU
	EndGlobalSection
	GlobalSection(SolutionProperties) = preSolution
		HideSolutionNode = FALSE
	EndGlobalSection
	GlobalSection(ExtensibilityGlobals) = postSolution
		SolutionGuid = {4405E325-93B5-4217-B71A-16130457C40C}
	EndGlobalSection
EndGlobal
